
Microsoft Visual Studio Solution File, Format Version 12.00
# Visual Studio 14
VisualStudioVersion = 14.0.25123.0
MinimumVisualStudioVersion = 10.0.40219.1
Project("{FAE04EC0-301F-11D3-BF4B-00C04F79EFBC}") = "CH9.Main", "CH9\CH9.Main.csproj", "{824453E9-D032-4102-B200-5D6CA7D7FDBA}"
EndProject
Project("{FAE04EC0-301F-11D3-BF4B-00C04F79EFBC}") = "CH9.Framework", "CH9.Framework\CH9.Framework.csproj", "{DA39AC56-F7C7-4EE4-88A8-00C74E09389F}"
EndProject
Project("{FAE04EC0-301F-11D3-BF4B-00C04F79EFBC}") = "CH9.MVVM", "CH9.MVVM\CH9.MVVM.csproj", "{9903F924-DFBA-4790-AFFA-36FCCA458B85}"
EndProject
Project("{2150E333-8FDC-42A3-9474-1A3956D46DE8}") = "Framework", "Framework", "{ED1F1791-92F3-411F-839F-D9C13D133A80}"
EndProject
Project("{FAE04EC0-301F-11D3-BF4B-00C04F79EFBC}") = "CH9.IOC", "CH9.IOC\CH9.IOC.csproj", "{872AC24A-05FF-4B9B-9A59-D1DA10F87E68}"
EndProject
Project("{FAE04EC0-301F-11D3-BF4B-00C04F79EFBC}") = "Cleaning.View", "Cleaning\Cleaning.View.csproj", "{F6056645-01AD-4A1A-B795-393633C4E76C}"
EndProject
Project("{2150E333-8FDC-42A3-9474-1A3956D46DE8}") = "Package", "Package", "{E013B526-21C4-461D-AEA7-067829B86B2A}"
EndProject
Project("{FAE04EC0-301F-11D3-BF4B-00C04F79EFBC}") = "Unittests.Framework", "Unittests.Framework\Unittests.Framework.csproj", "{18906A58-2BC3-43A5-B53A-6EB29039146B}"
EndProject
Project("{FAE04EC0-301F-11D3-BF4B-00C04F79EFBC}") = "Unittests.Package", "Unittests.Package\Unittests.Package.csproj", "{70552FCA-EEC6-448F-B1FF-59E1683A742A}"
EndProject
Project("{FAE04EC0-301F-11D3-BF4B-00C04F79EFBC}") = "Cleaning.ViewModel", "Cleaning.ViewModel\Cleaning.ViewModel.csproj", "{CE013234-651B-4C8D-B9D2-D68A5EE1272A}"
EndProject
Project("{FAE04EC0-301F-11D3-BF4B-00C04F79EFBC}") = "CH9.Repository", "CH9.Repository\CH9.Repository.csproj", "{05AB6158-CEED-4E2B-B03E-04F5E0E88BAD}"
EndProject
Project("{FAE04EC0-301F-11D3-BF4B-00C04F79EFBC}") = "NotificationService", "NotificationService\NotificationService.csproj", "{0AB6F3CF-10BE-49EE-B878-A2A9C945F1FE}"
EndProject
Global
	GlobalSection(SolutionConfigurationPlatforms) = preSolution
		Debug|Any CPU = Debug|Any CPU
		Release|Any CPU = Release|Any CPU
	EndGlobalSection
	GlobalSection(ProjectConfigurationPlatforms) = postSolution
		{824453E9-D032-4102-B200-5D6CA7D7FDBA}.Debug|Any CPU.ActiveCfg = Debug|Any CPU
		{824453E9-D032-4102-B200-5D6CA7D7FDBA}.Debug|Any CPU.Build.0 = Debug|Any CPU
		{824453E9-D032-4102-B200-5D6CA7D7FDBA}.Release|Any CPU.ActiveCfg = Release|Any CPU
		{824453E9-D032-4102-B200-5D6CA7D7FDBA}.Release|Any CPU.Build.0 = Release|Any CPU
		{DA39AC56-F7C7-4EE4-88A8-00C74E09389F}.Debug|Any CPU.ActiveCfg = Debug|Any CPU
		{DA39AC56-F7C7-4EE4-88A8-00C74E09389F}.Debug|Any CPU.Build.0 = Debug|Any CPU
		{DA39AC56-F7C7-4EE4-88A8-00C74E09389F}.Release|Any CPU.ActiveCfg = Release|Any CPU
		{DA39AC56-F7C7-4EE4-88A8-00C74E09389F}.Release|Any CPU.Build.0 = Release|Any CPU
		{9903F924-DFBA-4790-AFFA-36FCCA458B85}.Debug|Any CPU.ActiveCfg = Debug|Any CPU
		{9903F924-DFBA-4790-AFFA-36FCCA458B85}.Debug|Any CPU.Build.0 = Debug|Any CPU
		{9903F924-DFBA-4790-AFFA-36FCCA458B85}.Release|Any CPU.ActiveCfg = Release|Any CPU
		{9903F924-DFBA-4790-AFFA-36FCCA458B85}.Release|Any CPU.Build.0 = Release|Any CPU
		{872AC24A-05FF-4B9B-9A59-D1DA10F87E68}.Debug|Any CPU.ActiveCfg = Debug|Any CPU
		{872AC24A-05FF-4B9B-9A59-D1DA10F87E68}.Debug|Any CPU.Build.0 = Debug|Any CPU
		{872AC24A-05FF-4B9B-9A59-D1DA10F87E68}.Release|Any CPU.ActiveCfg = Release|Any CPU
		{872AC24A-05FF-4B9B-9A59-D1DA10F87E68}.Release|Any CPU.Build.0 = Release|Any CPU
		{F6056645-01AD-4A1A-B795-393633C4E76C}.Debug|Any CPU.ActiveCfg = Debug|Any CPU
		{F6056645-01AD-4A1A-B795-393633C4E76C}.Debug|Any CPU.Build.0 = Debug|Any CPU
		{F6056645-01AD-4A1A-B795-393633C4E76C}.Release|Any CPU.ActiveCfg = Release|Any CPU
		{F6056645-01AD-4A1A-B795-393633C4E76C}.Release|Any CPU.Build.0 = Release|Any CPU
		{18906A58-2BC3-43A5-B53A-6EB29039146B}.Debug|Any CPU.ActiveCfg = Debug|Any CPU
		{18906A58-2BC3-43A5-B53A-6EB29039146B}.Debug|Any CPU.Build.0 = Debug|Any CPU
		{18906A58-2BC3-43A5-B53A-6EB29039146B}.Release|Any CPU.ActiveCfg = Release|Any CPU
		{18906A58-2BC3-43A5-B53A-6EB29039146B}.Release|Any CPU.Build.0 = Release|Any CPU
		{70552FCA-EEC6-448F-B1FF-59E1683A742A}.Debug|Any CPU.ActiveCfg = Debug|Any CPU
		{70552FCA-EEC6-448F-B1FF-59E1683A742A}.Debug|Any CPU.Build.0 = Debug|Any CPU
		{70552FCA-EEC6-448F-B1FF-59E1683A742A}.Release|Any CPU.ActiveCfg = Release|Any CPU
		{70552FCA-EEC6-448F-B1FF-59E1683A742A}.Release|Any CPU.Build.0 = Release|Any CPU
		{CE013234-651B-4C8D-B9D2-D68A5EE1272A}.Debug|Any CPU.ActiveCfg = Debug|Any CPU
		{CE013234-651B-4C8D-B9D2-D68A5EE1272A}.Debug|Any CPU.Build.0 = Debug|Any CPU
		{CE013234-651B-4C8D-B9D2-D68A5EE1272A}.Release|Any CPU.ActiveCfg = Release|Any CPU
		{CE013234-651B-4C8D-B9D2-D68A5EE1272A}.Release|Any CPU.Build.0 = Release|Any CPU
		{05AB6158-CEED-4E2B-B03E-04F5E0E88BAD}.Debug|Any CPU.ActiveCfg = Debug|Any CPU
		{05AB6158-CEED-4E2B-B03E-04F5E0E88BAD}.Debug|Any CPU.Build.0 = Debug|Any CPU
		{05AB6158-CEED-4E2B-B03E-04F5E0E88BAD}.Release|Any CPU.ActiveCfg = Release|Any CPU
		{05AB6158-CEED-4E2B-B03E-04F5E0E88BAD}.Release|Any CPU.Build.0 = Release|Any CPU
		{0AB6F3CF-10BE-49EE-B878-A2A9C945F1FE}.Debug|Any CPU.ActiveCfg = Debug|Any CPU
		{0AB6F3CF-10BE-49EE-B878-A2A9C945F1FE}.Debug|Any CPU.Build.0 = Debug|Any CPU
		{0AB6F3CF-10BE-49EE-B878-A2A9C945F1FE}.Release|Any CPU.ActiveCfg = Release|Any CPU
		{0AB6F3CF-10BE-49EE-B878-A2A9C945F1FE}.Release|Any CPU.Build.0 = Release|Any CPU
	EndGlobalSection
	GlobalSection(SolutionProperties) = preSolution
		HideSolutionNode = FALSE
	EndGlobalSection
	GlobalSection(NestedProjects) = preSolution
		{DA39AC56-F7C7-4EE4-88A8-00C74E09389F} = {ED1F1791-92F3-411F-839F-D9C13D133A80}
		{9903F924-DFBA-4790-AFFA-36FCCA458B85} = {ED1F1791-92F3-411F-839F-D9C13D133A80}
		{872AC24A-05FF-4B9B-9A59-D1DA10F87E68} = {ED1F1791-92F3-411F-839F-D9C13D133A80}
		{F6056645-01AD-4A1A-B795-393633C4E76C} = {E013B526-21C4-461D-AEA7-067829B86B2A}
		{18906A58-2BC3-43A5-B53A-6EB29039146B} = {ED1F1791-92F3-411F-839F-D9C13D133A80}
		{70552FCA-EEC6-448F-B1FF-59E1683A742A} = {E013B526-21C4-461D-AEA7-067829B86B2A}
		{CE013234-651B-4C8D-B9D2-D68A5EE1272A} = {E013B526-21C4-461D-AEA7-067829B86B2A}
		{05AB6158-CEED-4E2B-B03E-04F5E0E88BAD} = {ED1F1791-92F3-411F-839F-D9C13D133A80}
		{0AB6F3CF-10BE-49EE-B878-A2A9C945F1FE} = {E013B526-21C4-461D-AEA7-067829B86B2A}
	EndGlobalSection
EndGlobal
